
Microsoft Visual Studio Solution File, Format Version 12.00
# Visual Studio Version 17
VisualStudioVersion = 17.9.34728.123
MinimumVisualStudioVersion = 10.0.40219.1
Project("{9A19103F-16F7-4668-BE54-9A1E7A4F7556}") = "CMPE344", "CMPE344\CMPE344.csproj", "{53E20402-75E9-459B-AD98-D2A87F3743DB}"
EndProject
Global
	GlobalSection(SolutionConfigurationPlatforms) = preSolution
		Debug|Any CPU = Debug|Any CPU
		Release|Any CPU = Release|Any CPU
	EndGlobalSection
	GlobalSection(ProjectConfigurationPlatforms) = postSolution
		{53E20402-75E9-459B-AD98-D2A87F3743DB}.Debug|Any CPU.ActiveCfg = Debug|Any CPU
		{53E20402-75E9-459B-AD98-D2A87F3743DB}.Debug|Any CPU.Build.0 = Debug|Any CPU
		{53E20402-75E9-459B-AD98-D2A87F3743DB}.Release|Any CPU.ActiveCfg = Release|Any CPU
		{53E20402-75E9-459B-AD98-D2A87F3743DB}.Release|Any CPU.Build.0 = Release|Any CPU
	EndGlobalSection
	GlobalSection(SolutionProperties) = preSolution
		HideSolutionNode = FALSE
	EndGlobalSection
	GlobalSection(ExtensibilityGlobals) = postSolution
		SolutionGuid = {F02D6F82-7736-482D-AEDE-25F6290A4750}
	EndGlobalSection
EndGlobal
